
Microsoft Visual Studio Solution File, Format Version 12.00
# Visual Studio Version 17
VisualStudioVersion = 17.8.34525.116
MinimumVisualStudioVersion = 10.0.40219.1
Project("{FAE04EC0-301F-11D3-BF4B-00C04F79EFBC}") = "DatabaseScript", "DatabaseScript\DatabaseScript.csproj", "{45C80B2D-F8A4-414E-AC02-3CFD48C03263}"
EndProject
Global
	GlobalSection(SolutionConfigurationPlatforms) = preSolution
		Debug|Any CPU = Debug|Any CPU
		Release|Any CPU = Release|Any CPU
	EndGlobalSection
	GlobalSection(ProjectConfigurationPlatforms) = postSolution
		{45C80B2D-F8A4-414E-AC02-3CFD48C03263}.Debug|Any CPU.ActiveCfg = Debug|Any CPU
		{45C80B2D-F8A4-414E-AC02-3CFD48C03263}.Debug|Any CPU.Build.0 = Debug|Any CPU
		{45C80B2D-F8A4-414E-AC02-3CFD48C03263}.Release|Any CPU.ActiveCfg = Release|Any CPU
		{45C80B2D-F8A4-414E-AC02-3CFD48C03263}.Release|Any CPU.Build.0 = Release|Any CPU
	EndGlobalSection
	GlobalSection(SolutionProperties) = preSolution
		HideSolutionNode = FALSE
	EndGlobalSection
	GlobalSection(ExtensibilityGlobals) = postSolution
		SolutionGuid = {6971F14A-1474-4F12-9A72-5D382A035FB4}
	EndGlobalSection
EndGlobal
